
Microsoft Visual Studio Solution File, Format Version 12.00
# Visual Studio 15
VisualStudioVersion = 15.0.27130.2027
MinimumVisualStudioVersion = 10.0.40219.1
Project("{FAE04EC0-301F-11D3-BF4B-00C04F79EFBC}") = "switches", "switches\switches.csproj", "{5D80C5D8-76BF-4BD7-9EC8-A7B6E61D1904}"
EndProject
Global
	GlobalSection(SolutionConfigurationPlatforms) = preSolution
		Debug|Any CPU = Debug|Any CPU
		Release|Any CPU = Release|Any CPU
	EndGlobalSection
	GlobalSection(ProjectConfigurationPlatforms) = postSolution
		{5D80C5D8-76BF-4BD7-9EC8-A7B6E61D1904}.Debug|Any CPU.ActiveCfg = Debug|Any CPU
		{5D80C5D8-76BF-4BD7-9EC8-A7B6E61D1904}.Debug|Any CPU.Build.0 = Debug|Any CPU
		{5D80C5D8-76BF-4BD7-9EC8-A7B6E61D1904}.Release|Any CPU.ActiveCfg = Release|Any CPU
		{5D80C5D8-76BF-4BD7-9EC8-A7B6E61D1904}.Release|Any CPU.Build.0 = Release|Any CPU
	EndGlobalSection
	GlobalSection(SolutionProperties) = preSolution
		HideSolutionNode = FALSE
	EndGlobalSection
	GlobalSection(ExtensibilityGlobals) = postSolution
		SolutionGuid = {F6F34B9B-0331-442C-B98C-1037E5F70F4B}
	EndGlobalSection
EndGlobal
